
Microsoft Visual Studio Solution File, Format Version 12.00
# Visual Studio 15
VisualStudioVersion = 15.0.27703.2047
MinimumVisualStudioVersion = 10.0.40219.1
Project("{9A19103F-16F7-4668-BE54-9A1E7A4F7556}") = "CoinsOrganizer", "WebApplication2\CoinsOrganizer.csproj", "{CE5B0040-F2FD-489C-A915-DD1B2B6ECD84}"
EndProject
Project("{9A19103F-16F7-4668-BE54-9A1E7A4F7556}") = "BusinessLogic", "BusinessLogic\BusinessLogic.csproj", "{9C1BDBB4-232B-4E38-BA8F-5B76629239D3}"
EndProject
Project("{9A19103F-16F7-4668-BE54-9A1E7A4F7556}") = "DataAccessLayer", "DataAccessLayer\DataAccessLayer.csproj", "{08A408F9-1A48-487C-BABB-85BCA5F9E95E}"
EndProject
Project("{9A19103F-16F7-4668-BE54-9A1E7A4F7556}") = "DataAccessLayer2", "DataAccessLayer2\DataAccessLayer2.csproj", "{2035CE8A-7D7A-48CF-84E7-2E1662F31F69}"
EndProject
Project("{FAE04EC0-301F-11D3-BF4B-00C04F79EFBC}") = "AllegroWebService", "..\..\..\allegro web api c#\allegro.net\AllegroWebService\AllegroWebService.csproj", "{D272B0EC-0753-4E80-A4FE-621B37B4EE27}"
EndProject
Project("{9A19103F-16F7-4668-BE54-9A1E7A4F7556}") = "EbayWebService", "EbayWebService\EbayWebService.csproj", "{783989A2-6980-45BE-A191-C3C9FFAAA160}"
EndProject
Project("{FAE04EC0-301F-11D3-BF4B-00C04F79EFBC}") = "CoinsOrganizerDesktop", "CoinsOrganizerDesktop\CoinsOrganizerDesktop\CoinsOrganizerDesktop.csproj", "{36A6C9F3-ACB7-45B3-9A24-AC9DBA7DF8E5}"
EndProject
Global
	GlobalSection(SolutionConfigurationPlatforms) = preSolution
		Debug|Any CPU = Debug|Any CPU
		Release|Any CPU = Release|Any CPU
	EndGlobalSection
	GlobalSection(ProjectConfigurationPlatforms) = postSolution
		{CE5B0040-F2FD-489C-A915-DD1B2B6ECD84}.Debug|Any CPU.ActiveCfg = Debug|Any CPU
		{CE5B0040-F2FD-489C-A915-DD1B2B6ECD84}.Debug|Any CPU.Build.0 = Debug|Any CPU
		{CE5B0040-F2FD-489C-A915-DD1B2B6ECD84}.Release|Any CPU.ActiveCfg = Release|Any CPU
		{CE5B0040-F2FD-489C-A915-DD1B2B6ECD84}.Release|Any CPU.Build.0 = Release|Any CPU
		{9C1BDBB4-232B-4E38-BA8F-5B76629239D3}.Debug|Any CPU.ActiveCfg = Debug|Any CPU
		{9C1BDBB4-232B-4E38-BA8F-5B76629239D3}.Debug|Any CPU.Build.0 = Debug|Any CPU
		{9C1BDBB4-232B-4E38-BA8F-5B76629239D3}.Release|Any CPU.ActiveCfg = Release|Any CPU
		{9C1BDBB4-232B-4E38-BA8F-5B76629239D3}.Release|Any CPU.Build.0 = Release|Any CPU
		{08A408F9-1A48-487C-BABB-85BCA5F9E95E}.Debug|Any CPU.ActiveCfg = Debug|Any CPU
		{08A408F9-1A48-487C-BABB-85BCA5F9E95E}.Debug|Any CPU.Build.0 = Debug|Any CPU
		{08A408F9-1A48-487C-BABB-85BCA5F9E95E}.Release|Any CPU.ActiveCfg = Release|Any CPU
		{08A408F9-1A48-487C-BABB-85BCA5F9E95E}.Release|Any CPU.Build.0 = Release|Any CPU
		{2035CE8A-7D7A-48CF-84E7-2E1662F31F69}.Debug|Any CPU.ActiveCfg = Debug|Any CPU
		{2035CE8A-7D7A-48CF-84E7-2E1662F31F69}.Debug|Any CPU.Build.0 = Debug|Any CPU
		{2035CE8A-7D7A-48CF-84E7-2E1662F31F69}.Release|Any CPU.ActiveCfg = Release|Any CPU
		{2035CE8A-7D7A-48CF-84E7-2E1662F31F69}.Release|Any CPU.Build.0 = Release|Any CPU
		{D272B0EC-0753-4E80-A4FE-621B37B4EE27}.Debug|Any CPU.ActiveCfg = Debug|Any CPU
		{D272B0EC-0753-4E80-A4FE-621B37B4EE27}.Debug|Any CPU.Build.0 = Debug|Any CPU
		{D272B0EC-0753-4E80-A4FE-621B37B4EE27}.Release|Any CPU.ActiveCfg = Release|Any CPU
		{D272B0EC-0753-4E80-A4FE-621B37B4EE27}.Release|Any CPU.Build.0 = Release|Any CPU
		{783989A2-6980-45BE-A191-C3C9FFAAA160}.Debug|Any CPU.ActiveCfg = Debug|Any CPU
		{783989A2-6980-45BE-A191-C3C9FFAAA160}.Debug|Any CPU.Build.0 = Debug|Any CPU
		{783989A2-6980-45BE-A191-C3C9FFAAA160}.Release|Any CPU.ActiveCfg = Release|Any CPU
		{783989A2-6980-45BE-A191-C3C9FFAAA160}.Release|Any CPU.Build.0 = Release|Any CPU
		{36A6C9F3-ACB7-45B3-9A24-AC9DBA7DF8E5}.Debug|Any CPU.ActiveCfg = Debug|Any CPU
		{36A6C9F3-ACB7-45B3-9A24-AC9DBA7DF8E5}.Debug|Any CPU.Build.0 = Debug|Any CPU
		{36A6C9F3-ACB7-45B3-9A24-AC9DBA7DF8E5}.Release|Any CPU.ActiveCfg = Release|Any CPU
		{36A6C9F3-ACB7-45B3-9A24-AC9DBA7DF8E5}.Release|Any CPU.Build.0 = Release|Any CPU
	EndGlobalSection
	GlobalSection(SolutionProperties) = preSolution
		HideSolutionNode = FALSE
	EndGlobalSection
	GlobalSection(ExtensibilityGlobals) = postSolution
		SolutionGuid = {A1F8F629-DCD4-48F8-B413-41CDD13B4E47}
	EndGlobalSection
EndGlobal
